{
  "version": 4,
  "terraform_version": "1.7.0",
  "serial": 4,
  "lineage": "1ec0010e-8229-fbe8-d8a8-8b1a1ed6fb62",
  "outputs": {},
  "resources": [
    {
      "module": "module.ecr",
      "mode": "managed",
      "type": "aws_ecr_repository",
      "name": "ecr",
      "provider": "provider[\"registry.terraform.io/hashicorp/aws\"]",
      "instances": [
        {
          "schema_version": 0,
          "attributes": {
            "arn": "arn:aws:ecr:ap-southeast-1:362632570762:repository/simple-shop-rest",
            "encryption_configuration": [
              {
                "encryption_type": "KMS",
                "kms_key": "arn:aws:kms:ap-southeast-1:362632570762:key/f0ca2b74-398c-4521-b7bf-145a0e411687"
              }
            ],
            "force_delete": null,
            "id": "simple-shop-rest",
            "image_scanning_configuration": [
              {
                "scan_on_push": true
              }
            ],
            "image_tag_mutability": "IMMUTABLE",
            "name": "simple-shop-rest",
            "registry_id": "362632570762",
            "repository_url": "362632570762.dkr.ecr.ap-southeast-1.amazonaws.com/simple-shop-rest",
            "tags": {
              "environment": "dev"
            },
            "tags_all": {
              "environment": "dev"
            },
            "timeouts": null
          },
          "sensitive_attributes": [],
          "private": "eyJlMmJmYjczMC1lY2FhLTExZTYtOGY4OC0zNDM2M2JjN2M0YzAiOnsiZGVsZXRlIjoxMjAwMDAwMDAwMDAwfX0="
        },
        {
          "index_key": "simple-shop-rest",
          "schema_version": 0,
          "attributes": {
            "arn": "arn:aws:ecr:ap-southeast-1:362632570762:repository/simple-shop-rest",
            "encryption_configuration": [
              {
                "encryption_type": "KMS",
                "kms_key": "arn:aws:kms:ap-southeast-1:362632570762:key/f0ca2b74-398c-4521-b7bf-145a0e411687"
              }
            ],
            "force_delete": null,
            "id": "simple-shop-rest",
            "image_scanning_configuration": [
              {
                "scan_on_push": true
              }
            ],
            "image_tag_mutability": "IMMUTABLE",
            "name": "simple-shop-rest",
            "registry_id": "362632570762",
            "repository_url": "362632570762.dkr.ecr.ap-southeast-1.amazonaws.com/simple-shop-rest",
            "tags": {
              "environment": "dev"
            },
            "tags_all": {
              "environment": "dev"
            },
            "timeouts": null
          },
          "sensitive_attributes": [],
          "private": "eyJlMmJmYjczMC1lY2FhLTExZTYtOGY4OC0zNDM2M2JjN2M0YzAiOnsiZGVsZXRlIjoxMjAwMDAwMDAwMDAwfX0="
        }
      ]
    }
  ],
  "check_results": null
}
